
Microsoft Visual Studio Solution File, Format Version 12.00
# Visual Studio Version 16
VisualStudioVersion = 16.0.30503.244
MinimumVisualStudioVersion = 10.0.40219.1
Project("{FAE04EC0-301F-11D3-BF4B-00C04F79EFBC}") = "students_management_system", "students_management_system\students_management_system.csproj", "{CBF2BD95-6DC4-4862-B30E-92DF165EB3BC}"
EndProject
Global
	GlobalSection(SolutionConfigurationPlatforms) = preSolution
		Debug|Any CPU = Debug|Any CPU
		Release|Any CPU = Release|Any CPU
	EndGlobalSection
	GlobalSection(ProjectConfigurationPlatforms) = postSolution
		{CBF2BD95-6DC4-4862-B30E-92DF165EB3BC}.Debug|Any CPU.ActiveCfg = Debug|Any CPU
		{CBF2BD95-6DC4-4862-B30E-92DF165EB3BC}.Debug|Any CPU.Build.0 = Debug|Any CPU
		{CBF2BD95-6DC4-4862-B30E-92DF165EB3BC}.Release|Any CPU.ActiveCfg = Release|Any CPU
		{CBF2BD95-6DC4-4862-B30E-92DF165EB3BC}.Release|Any CPU.Build.0 = Release|Any CPU
	EndGlobalSection
	GlobalSection(SolutionProperties) = preSolution
		HideSolutionNode = FALSE
	EndGlobalSection
	GlobalSection(ExtensibilityGlobals) = postSolution
		SolutionGuid = {1749F762-6B31-46B6-963C-BB999B661BD8}
	EndGlobalSection
EndGlobal
